
Microsoft Visual Studio Solution File, Format Version 12.00
# Visual Studio Version 17
VisualStudioVersion = 17.5.001.0
MinimumVisualStudioVersion = 10.0.40219.1
Project("{FAE04EC0-301F-11D3-BF4B-00C04F79EFBC}") = "AzureExplorer.Application", "AzureExplorer.Application\AzureExplorer.Application.csproj", "{64C1F6B4-5B21-4160-9EE3-B3355E18288D}"
EndProject
Project("{FAE04EC0-301F-11D3-BF4B-00C04F79EFBC}") = "AzureExplorer.Main", "AzureExplorer.Main\AzureExplorer.Main.csproj", "{B607950C-DD82-4101-9D3A-2AFBE4715D3E}"
EndProject
Project("{FAE04EC0-301F-11D3-BF4B-00C04F79EFBC}") = "AzureExplorer.Infrastructure", "AzureExplorer.Infrastructure\AzureExplorer.Infrastructure.csproj", "{4311BE0A-EA92-41FD-A327-6C83FE81B0B7}"
EndProject
Global
	GlobalSection(SolutionConfigurationPlatforms) = preSolution
		Debug|Any CPU = Debug|Any CPU
		Release|Any CPU = Release|Any CPU
	EndGlobalSection
	GlobalSection(ProjectConfigurationPlatforms) = postSolution
		{64C1F6B4-5B21-4160-9EE3-B3355E18288D}.Debug|Any CPU.ActiveCfg = Debug|Any CPU
		{64C1F6B4-5B21-4160-9EE3-B3355E18288D}.Debug|Any CPU.Build.0 = Debug|Any CPU
		{64C1F6B4-5B21-4160-9EE3-B3355E18288D}.Release|Any CPU.ActiveCfg = Release|Any CPU
		{64C1F6B4-5B21-4160-9EE3-B3355E18288D}.Release|Any CPU.Build.0 = Release|Any CPU
		{B607950C-DD82-4101-9D3A-2AFBE4715D3E}.Debug|Any CPU.ActiveCfg = Debug|Any CPU
		{B607950C-DD82-4101-9D3A-2AFBE4715D3E}.Debug|Any CPU.Build.0 = Debug|Any CPU
		{B607950C-DD82-4101-9D3A-2AFBE4715D3E}.Release|Any CPU.ActiveCfg = Release|Any CPU
		{B607950C-DD82-4101-9D3A-2AFBE4715D3E}.Release|Any CPU.Build.0 = Release|Any CPU
		{4311BE0A-EA92-41FD-A327-6C83FE81B0B7}.Debug|Any CPU.ActiveCfg = Debug|Any CPU
		{4311BE0A-EA92-41FD-A327-6C83FE81B0B7}.Debug|Any CPU.Build.0 = Debug|Any CPU
		{4311BE0A-EA92-41FD-A327-6C83FE81B0B7}.Release|Any CPU.ActiveCfg = Release|Any CPU
		{4311BE0A-EA92-41FD-A327-6C83FE81B0B7}.Release|Any CPU.Build.0 = Release|Any CPU
	EndGlobalSection
	GlobalSection(SolutionProperties) = preSolution
		HideSolutionNode = FALSE
	EndGlobalSection
	GlobalSection(ExtensibilityGlobals) = postSolution
		SolutionGuid = {CE140D59-E4D7-44A5-9F3E-6252C38704C2}
	EndGlobalSection
EndGlobal
